
Microsoft Visual Studio Solution File, Format Version 12.00
# Visual Studio Version 16
VisualStudioVersion = 16.0.30611.23
MinimumVisualStudioVersion = 10.0.40219.1
Project("{FAE04EC0-301F-11D3-BF4B-00C04F79EFBC}") = "ComicsCatalogWin", "ComicsCatalogWin.csproj", "{379C530D-74DB-4D4D-A698-3DA6444AFE5F}"
EndProject
Global
	GlobalSection(SolutionConfigurationPlatforms) = preSolution
		Debug|Any CPU = Debug|Any CPU
		Release|Any CPU = Release|Any CPU
	EndGlobalSection
	GlobalSection(ProjectConfigurationPlatforms) = postSolution
		{379C530D-74DB-4D4D-A698-3DA6444AFE5F}.Debug|Any CPU.ActiveCfg = Debug|Any CPU
		{379C530D-74DB-4D4D-A698-3DA6444AFE5F}.Debug|Any CPU.Build.0 = Debug|Any CPU
		{379C530D-74DB-4D4D-A698-3DA6444AFE5F}.Release|Any CPU.ActiveCfg = Release|Any CPU
		{379C530D-74DB-4D4D-A698-3DA6444AFE5F}.Release|Any CPU.Build.0 = Release|Any CPU
	EndGlobalSection
	GlobalSection(SolutionProperties) = preSolution
		HideSolutionNode = FALSE
	EndGlobalSection
	GlobalSection(ExtensibilityGlobals) = postSolution
		SolutionGuid = {F914F5EC-FF2E-441A-9DE9-82B390AB1890}
	EndGlobalSection
EndGlobal
